{
  "version": "5",
  "specifiers": {
    "jsr:@b-fuze/deno-dom@~0.1.49": "0.1.49",
    "jsr:@deno/graph@0.104": "0.104.0",
    "jsr:@denosaurs/plug@1.0.3": "1.0.3",
    "jsr:@fcrozatier/type-strip@^1.2.0": "1.4.1",
    "jsr:@fcrozatier/type-strip@^1.4.1": "1.4.1",
    "jsr:@http/discovery@0.26": "0.26.0",
    "jsr:@http/fs@0.26": "0.26.0",
    "jsr:@http/host-deno-local@0.26": "0.26.0",
    "jsr:@http/interceptor@0.26": "0.26.0",
    "jsr:@http/response@0.26": "0.26.0",
    "jsr:@http/route@0.26": "0.26.0",
    "jsr:@jollytoad/lint-no-cross-package-imports@*": "0.1.0",
    "jsr:@std/assert@~0.213.1": "0.213.1",
    "jsr:@std/async@^1.0.11": "1.0.11",
    "jsr:@std/collections@^1.0.10": "1.0.10",
    "jsr:@std/encoding@0.213.1": "0.213.1",
    "jsr:@std/encoding@^1.0.7": "1.0.7",
    "jsr:@std/fmt@0.213.1": "0.213.1",
    "jsr:@std/fs@0.213.1": "0.213.1",
    "jsr:@std/fs@1": "1.0.15",
    "jsr:@std/fs@^1.0.15": "1.0.15",
    "jsr:@std/html@^1.0.3": "1.0.3",
    "jsr:@std/http@^1.0.13": "1.0.13",
    "jsr:@std/internal@^1.0.12": "1.0.12",
    "jsr:@std/media-types@^1.1.0": "1.1.0",
    "jsr:@std/net@^1.0.4": "1.0.4",
    "jsr:@std/path@0.213.1": "0.213.1",
    "jsr:@std/path@1": "1.0.8",
    "jsr:@std/path@^1.0.8": "1.1.3",
    "jsr:@std/path@^1.1.1": "1.1.3",
    "jsr:@std/path@~0.213.1": "0.213.1",
    "jsr:@std/streams@^1.0.9": "1.0.9",
    "npm:@playwright/test@1.56.1": "1.56.1",
    "npm:@types/node@*": "24.2.0",
    "npm:dompurify@3.2.4": "3.2.4",
    "npm:idiomorph@0.7.3": "0.7.3",
    "npm:playwright@*": "1.56.1",
    "npm:typescript@^5.8.3": "5.9.3",
    "npm:typescript@^5.9.3": "5.9.3"
  },
  "jsr": {
    "@b-fuze/deno-dom@0.1.49": {
      "integrity": "45c40175fdd1e74ab2d4b54c4fdaabbad6e5b76ee28df12a48e076b3fa7901a9",
      "dependencies": [
        "jsr:@denosaurs/plug"
      ]
    },
    "@deno/graph@0.104.0": {
      "integrity": "8e4822b07ea65c8fda34852940ec26ab57686dc74255a13fa63f58e2cba52a4f"
    },
    "@denosaurs/plug@1.0.3": {
      "integrity": "b010544e386bea0ff3a1d05e0c88f704ea28cbd4d753439c2f1ee021a85d4640",
      "dependencies": [
        "jsr:@std/encoding@0.213.1",
        "jsr:@std/fmt",
        "jsr:@std/fs@0.213.1",
        "jsr:@std/path@0.213.1"
      ]
    },
    "@fcrozatier/type-strip@1.2.0": {
      "integrity": "aba8d7424787a30113cad06237badd81148b3e48125e875928a84a99339121c8"
    },
    "@fcrozatier/type-strip@1.4.1": {
      "integrity": "4081f88fce0e4396c19b67112161af9abdfe3efa0c67a3bf25cc0358e202c9ac",
      "dependencies": [
        "jsr:@std/path@^1.1.1",
        "npm:typescript@^5.8.3"
      ]
    },
    "@http/discovery@0.26.0": {
      "integrity": "98096ad0c43d7dff5a5bf851e3afd107b1aafcd0a959c9036ceb0ffcbc5d98b0",
      "dependencies": [
        "jsr:@http/route",
        "jsr:@std/path@^1.0.8"
      ]
    },
    "@http/fs@0.26.0": {
      "integrity": "064309d1741dabb7c8e4d351a1b409a7e4a9c91bfe06be8a310d94c677a55413",
      "dependencies": [
        "jsr:@http/response",
        "jsr:@std/http",
        "jsr:@std/media-types",
        "jsr:@std/path@^1.0.8",
        "jsr:@std/streams"
      ]
    },
    "@http/host-deno-local@0.26.0": {
      "integrity": "83c47b936d0c69adb6c340ccf50aee04f4aba6ba56a7fc7feae461d63a5675c7",
      "dependencies": [
        "jsr:@http/interceptor",
        "jsr:@http/route",
        "jsr:@std/net"
      ]
    },
    "@http/interceptor@0.26.0": {
      "integrity": "b630951e90592c6d88fb3c0263400816988d2a2faf8538d4130ba25a949d4a2f",
      "dependencies": [
        "jsr:@http/response",
        "jsr:@http/route"
      ]
    },
    "@http/response@0.26.0": {
      "integrity": "c6cc23a1678584dfc1a1bd9f78dd294e59a18a65976f8529e7e93b21f9ce2820",
      "dependencies": [
        "jsr:@std/http"
      ]
    },
    "@http/route@0.26.0": {
      "integrity": "6158fa245ca89ab2bc145efb43846e7eb3c903f4f0e0f4dbec91a1079e2aa1eb",
      "dependencies": [
        "jsr:@http/fs",
        "jsr:@http/response",
        "jsr:@std/collections",
        "jsr:@std/http",
        "jsr:@std/media-types",
        "jsr:@std/path@^1.0.8"
      ]
    },
    "@jollytoad/lint-no-cross-package-imports@0.1.0": {
      "integrity": "43e2e3240005ab856da9bb4ba0e841d0690d03fd3c6eab35b376987a19de460e",
      "dependencies": [
        "jsr:@std/fs@1",
        "jsr:@std/path@1"
      ]
    },
    "@std/assert@0.213.1": {
      "integrity": "24c28178b30c8e0782c18e8e94ea72b16282207569cdd10ffb9d1d26f2edebfe"
    },
    "@std/async@1.0.11": {
      "integrity": "eee0d3405275506638a9c8efaa849cf0d35873120c69b7caa1309c9a9e5b6f85"
    },
    "@std/collections@1.0.10": {
      "integrity": "903af106a3d92970d74e20f7ebff77d9658af9bef4403f1dc42a7801c0575899"
    },
    "@std/encoding@0.213.1": {
      "integrity": "fcbb6928713dde941a18ca5db88ca1544d0755ec8fb20fe61e2dc8144b390c62"
    },
    "@std/encoding@1.0.7": {
      "integrity": "f631247c1698fef289f2de9e2a33d571e46133b38d042905e3eac3715030a82d"
    },
    "@std/fmt@0.213.1": {
      "integrity": "a06d31777566d874b9c856c10244ac3e6b660bdec4c82506cd46be052a1082c3"
    },
    "@std/fs@0.213.1": {
      "integrity": "fbcaf099f8a85c27ab0712b666262cda8fe6d02e9937bf9313ecaea39a22c501",
      "dependencies": [
        "jsr:@std/assert",
        "jsr:@std/path@~0.213.1"
      ]
    },
    "@std/fs@1.0.15": {
      "integrity": "c083fb479889d6440d768e498195c3fc499d426fbf9a6592f98f53884d1d3f41",
      "dependencies": [
        "jsr:@std/path@^1.0.8"
      ]
    },
    "@std/html@1.0.3": {
      "integrity": "7a0ac35e050431fb49d44e61c8b8aac1ebd55937e0dc9ec6409aa4bab39a7988"
    },
    "@std/http@1.0.13": {
      "integrity": "d29618b982f7ae44380111f7e5b43da59b15db64101198bb5f77100d44eb1e1e",
      "dependencies": [
        "jsr:@std/encoding@^1.0.7"
      ]
    },
    "@std/internal@1.0.12": {
      "integrity": "972a634fd5bc34b242024402972cd5143eac68d8dffaca5eaa4dba30ce17b027"
    },
    "@std/media-types@1.1.0": {
      "integrity": "c9d093f0c05c3512932b330e3cc1fe1d627b301db33a4c2c2185c02471d6eaa4"
    },
    "@std/net@1.0.4": {
      "integrity": "2f403b455ebbccf83d8a027d29c5a9e3a2452fea39bb2da7f2c04af09c8bc852"
    },
    "@std/path@0.213.1": {
      "integrity": "f187bf278a172752e02fcbacf6bd78a335ed320d080a7ed3a5a59c3e88abc673",
      "dependencies": [
        "jsr:@std/assert"
      ]
    },
    "@std/path@1.0.8": {
      "integrity": "548fa456bb6a04d3c1a1e7477986b6cffbce95102d0bb447c67c4ee70e0364be"
    },
    "@std/path@1.1.3": {
      "integrity": "b015962d82a5e6daea980c32b82d2c40142149639968549c649031a230b1afb3",
      "dependencies": [
        "jsr:@std/internal"
      ]
    },
    "@std/streams@1.0.9": {
      "integrity": "a9d26b1988cdd7aa7b1f4b51e1c36c1557f3f252880fa6cc5b9f37078b1a5035"
    }
  },
  "npm": {
    "@playwright/test@1.56.1": {
      "integrity": "sha512-vSMYtL/zOcFpvJCW71Q/OEGQb7KYBPAdKh35WNSkaZA75JlAO8ED8UN6GUNTm3drWomcbcqRPFqQbLae8yBTdg==",
      "dependencies": [
        "playwright"
      ],
      "bin": true
    },
    "@types/node@24.2.0": {
      "integrity": "sha512-3xyG3pMCq3oYCNg7/ZP+E1ooTaGB4cG8JWRsqqOYQdbWNY4zbaV0Ennrd7stjiJEFZCaybcIgpTjJWHRfBSIDw==",
      "dependencies": [
        "undici-types"
      ]
    },
    "@types/trusted-types@2.0.7": {
      "integrity": "sha512-ScaPdn1dQczgbl0QFTeTOmVHFULt394XJgOQNoyVhZ6r2vLnMLJfBPd53SB52T/3G36VI1/g2MZaX0cwDuXsfw=="
    },
    "dompurify@3.2.4": {
      "integrity": "sha512-ysFSFEDVduQpyhzAob/kkuJjf5zWkZD8/A9ywSp1byueyuCfHamrCBa14/Oc2iiB0e51B+NpxSl5gmzn+Ms/mg==",
      "optionalDependencies": [
        "@types/trusted-types"
      ]
    },
    "fsevents@2.3.2": {
      "integrity": "sha512-xiqMQR4xAeHTuB9uWm+fFRcIOgKBMiOBP+eXiyT7jsgVCq1bkVygt00oASowB7EdtpOHaaPgKt812P9ab+DDKA==",
      "os": ["darwin"],
      "scripts": true
    },
    "idiomorph@0.7.3": {
      "integrity": "sha512-YI/L1QQkBRDtiaGZN+/KolIkNoZuIsCgus1ciueosiqdyWz/weeP+ghFgDQpk2vzA3BkX6/M/kY5SCM03LBDkA=="
    },
    "playwright-core@1.56.1": {
      "integrity": "sha512-hutraynyn31F+Bifme+Ps9Vq59hKuUCz7H1kDOcBs+2oGguKkWTU50bBWrtz34OUWmIwpBTWDxaRPXrIXkgvmQ==",
      "bin": true
    },
    "playwright@1.56.1": {
      "integrity": "sha512-aFi5B0WovBHTEvpM3DzXTUaeN6eN0qWnTkKx4NQaH4Wvcmc153PdaY2UBdSYKaGYw+UyWXSVyxDUg5DoPEttjw==",
      "dependencies": [
        "playwright-core"
      ],
      "optionalDependencies": [
        "fsevents"
      ],
      "bin": true
    },
    "typescript@5.9.3": {
      "integrity": "sha512-jl1vZzPDinLr9eUt3J/t7V6FgNEw9QjvBPdysz9KfQDD41fQrC2Y4vKQdiaUpFT4bXlb1RHhLpp8wtm6M5TgSw==",
      "bin": true
    },
    "undici-types@7.10.0": {
      "integrity": "sha512-t5Fy/nfn+14LuOc2KNYg75vZqClpAiqscVvMygNnlsHBFpSXdJaYtXMcdNLpl/Qvc3P2cB3s6lOV51nqsFq4ag=="
    }
  },
  "redirects": {
    "https://ghuc.cc/jollytoad/type-strip@fix-this-param-and-generic-issues/index.ts": "https://raw.githubusercontent.com/jollytoad/type-strip/fix-this-param-and-generic-issues/index.ts"
  },
  "remote": {
    "https://raw.githubusercontent.com/jollytoad/type-strip/fix-this-param-and-generic-issues/errors.ts": "0b3a2b8af3c5e05068a3311c115fd28692546632244cc2353644a1d4acdb6906",
    "https://raw.githubusercontent.com/jollytoad/type-strip/fix-this-param-and-generic-issues/index.ts": "2f03744964ba839300b3b2b50e1c211e87499b2f216cf62322bd1e9caf4f8996"
  },
  "workspace": {
    "dependencies": [
      "jsr:@deno/graph@0.104",
      "jsr:@fcrozatier/type-strip@^1.4.1",
      "npm:@playwright/test@1.56.1",
      "npm:typescript@^5.9.3"
    ],
    "members": {
      "_tools": {
        "dependencies": [
          "jsr:@fcrozatier/type-strip@^1.2.0",
          "jsr:@std/fs@^1.0.15",
          "jsr:@std/path@^1.0.8"
        ]
      },
      "actions": {
        "dependencies": [
          "npm:dompurify@3.2.4",
          "npm:idiomorph@0.7.3"
        ]
      },
      "demo": {
        "dependencies": [
          "jsr:@http/discovery@0.26",
          "jsr:@http/fs@0.26",
          "jsr:@http/host-deno-local@0.26",
          "jsr:@http/interceptor@0.26",
          "jsr:@http/response@0.26",
          "jsr:@http/route@0.26",
          "jsr:@std/async@^1.0.11",
          "jsr:@std/html@^1.0.3",
          "jsr:@std/path@^1.0.8"
        ]
      },
      "prerender": {
        "dependencies": [
          "jsr:@b-fuze/deno-dom@~0.1.49",
          "jsr:@http/interceptor@0.26"
        ]
      }
    }
  }
}
